// !$*UTF8*$!
{
	archiveVersion = 1;
	classes = {
	};
	objectVersion = 50;
	objects = {

/* Begin PBXBuildFile section */
		DD24250A23F52C280089F31E /* AppDelegate.swift in Sources */ = {isa = PBXBuildFile; fileRef = DD24250923F52C280089F31E /* AppDelegate.swift */; };
		DD24250C23F52C280089F31E /* SceneDelegate.swift in Sources */ = {isa = PBXBuildFile; fileRef = DD24250B23F52C280089F31E /* SceneDelegate.swift */; };
		DD24250E23F52C280089F31E /* ContentView.swift in Sources */ = {isa = PBXBuildFile; fileRef = DD24250D23F52C280089F31E /* ContentView.swift */; };
		DD24251023F52C290089F31E /* Assets.xcassets in Resources */ = {isa = PBXBuildFile; fileRef = DD24250F23F52C290089F31E /* Assets.xcassets */; };
		DD24251323F52C290089F31E /* Preview Assets.xcassets in Resources */ = {isa = PBXBuildFile; fileRef = DD24251223F52C290089F31E /* Preview Assets.xcassets */; };
		DD24251623F52C290089F31E /* LaunchScreen.storyboard in Resources */ = {isa = PBXBuildFile; fileRef = DD24251423F52C290089F31E /* LaunchScreen.storyboard */; };
		DD24251F23F52C4F0089F31E /* Coffee.swift in Sources */ = {isa = PBXBuildFile; fileRef = DD24251E23F52C4F0089F31E /* Coffee.swift */; };
		DD24252123F52CF20089F31E /* Order.swift in Sources */ = {isa = PBXBuildFile; fileRef = DD24252023F52CF20089F31E /* Order.swift */; };
		DD24252423F52D860089F31E /* WebService.swift in Sources */ = {isa = PBXBuildFile; fileRef = DD24252323F52D860089F31E /* WebService.swift */; };
		DD24252723F52F070089F31E /* OrderListViewModel.swift in Sources */ = {isa = PBXBuildFile; fileRef = DD24252623F52F070089F31E /* OrderListViewModel.swift */; };
		DD24252B23F531D10089F31E /* OrderListView.swift in Sources */ = {isa = PBXBuildFile; fileRef = DD24252A23F531D10089F31E /* OrderListView.swift */; };
		DD24252D23F536970089F31E /* CreateOrderResponse.swift in Sources */ = {isa = PBXBuildFile; fileRef = DD24252C23F536970089F31E /* CreateOrderResponse.swift */; };
		DD24252F23F537B90089F31E /* AddCoffeeOrderViewModel.swift in Sources */ = {isa = PBXBuildFile; fileRef = DD24252E23F537B90089F31E /* AddCoffeeOrderViewModel.swift */; };
		DDEFD9DA23F53A1E00BC96D5 /* CoffeeViewModel.swift in Sources */ = {isa = PBXBuildFile; fileRef = DDEFD9D923F53A1E00BC96D5 /* CoffeeViewModel.swift */; };
		DDEFD9DC23F53BEC00BC96D5 /* AddCoffeeOrderView.swift in Sources */ = {isa = PBXBuildFile; fileRef = DDEFD9DB23F53BEC00BC96D5 /* AddCoffeeOrderView.swift */; };
		DDEFD9DE23F543AA00BC96D5 /* OrderTotalView.swift in Sources */ = {isa = PBXBuildFile; fileRef = DDEFD9DD23F543AA00BC96D5 /* OrderTotalView.swift */; };
/* End PBXBuildFile section */

/* Begin PBXFileReference section */
		DD24250623F52C280089F31E /* CoffeeOrderingApp.app */ = {isa = PBXFileReference; explicitFileType = wrapper.application; includeInIndex = 0; path = CoffeeOrderingApp.app; sourceTree = BUILT_PRODUCTS_DIR; };
		DD24250923F52C280089F31E /* AppDelegate.swift */ = {isa = PBXFileReference; lastKnownFileType = sourcecode.swift; path = AppDelegate.swift; sourceTree = "<group>"; };
		DD24250B23F52C280089F31E /* SceneDelegate.swift */ = {isa = PBXFileReference; lastKnownFileType = sourcecode.swift; path = SceneDelegate.swift; sourceTree = "<group>"; };
		DD24250D23F52C280089F31E /* ContentView.swift */ = {isa = PBXFileReference; lastKnownFileType = sourcecode.swift; path = ContentView.swift; sourceTree = "<group>"; };
		DD24250F23F52C290089F31E /* Assets.xcassets */ = {isa = PBXFileReference; lastKnownFileType = folder.assetcatalog; path = Assets.xcassets; sourceTree = "<group>"; };
		DD24251223F52C290089F31E /* Preview Assets.xcassets */ = {isa = PBXFileReference; lastKnownFileType = folder.assetcatalog; path = "Preview Assets.xcassets"; sourceTree = "<group>"; };
		DD24251523F52C290089F31E /* Base */ = {isa = PBXFileReference; lastKnownFileType = file.storyboard; name = Base; path = Base.lproj/LaunchScreen.storyboard; sourceTree = "<group>"; };
		DD24251723F52C290089F31E /* Info.plist */ = {isa = PBXFileReference; lastKnownFileType = text.plist.xml; path = Info.plist; sourceTree = "<group>"; };
		DD24251E23F52C4F0089F31E /* Coffee.swift */ = {isa = PBXFileReference; lastKnownFileType = sourcecode.swift; path = Coffee.swift; sourceTree = "<group>"; };
		DD24252023F52CF20089F31E /* Order.swift */ = {isa = PBXFileReference; lastKnownFileType = sourcecode.swift; path = Order.swift; sourceTree = "<group>"; };
		DD24252323F52D860089F31E /* WebService.swift */ = {isa = PBXFileReference; lastKnownFileType = sourcecode.swift; path = WebService.swift; sourceTree = "<group>"; };
		DD24252623F52F070089F31E /* OrderListViewModel.swift */ = {isa = PBXFileReference; lastKnownFileType = sourcecode.swift; path = OrderListViewModel.swift; sourceTree = "<group>"; };
		DD24252A23F531D10089F31E /* OrderListView.swift */ = {isa = PBXFileReference; lastKnownFileType = sourcecode.swift; path = OrderListView.swift; sourceTree = "<group>"; };
		DD24252C23F536970089F31E /* CreateOrderResponse.swift */ = {isa = PBXFileReference; lastKnownFileType = sourcecode.swift; path = CreateOrderResponse.swift; sourceTree = "<group>"; };
		DD24252E23F537B90089F31E /* AddCoffeeOrderViewModel.swift */ = {isa = PBXFileReference; lastKnownFileType = sourcecode.swift; path = AddCoffeeOrderViewModel.swift; sourceTree = "<group>"; };
		DDEFD9D923F53A1E00BC96D5 /* CoffeeViewModel.swift */ = {isa = PBXFileReference; lastKnownFileType = sourcecode.swift; path = CoffeeViewModel.swift; sourceTree = "<group>"; };
		DDEFD9DB23F53BEC00BC96D5 /* AddCoffeeOrderView.swift */ = {isa = PBXFileReference; lastKnownFileType = sourcecode.swift; path = AddCoffeeOrderView.swift; sourceTree = "<group>"; };
		DDEFD9DD23F543AA00BC96D5 /* OrderTotalView.swift */ = {isa = PBXFileReference; lastKnownFileType = sourcecode.swift; path = OrderTotalView.swift; sourceTree = "<group>"; };
/* End PBXFileReference section */

/* Begin PBXFrameworksBuildPhase section */
		DD24250323F52C280089F31E /* Frameworks */ = {
			isa = PBXFrameworksBuildPhase;
			buildActionMask = 2147483647;
			files = (
			);
			runOnlyForDeploymentPostprocessing = 0;
		};
/* End PBXFrameworksBuildPhase section */

/* Begin PBXGroup section */
		DD2424FD23F52C280089F31E = {
			isa = PBXGroup;
			children = (
				DD24250823F52C280089F31E /* CoffeeOrderingApp */,
				DD24250723F52C280089F31E /* Products */,
			);
			sourceTree = "<group>";
		};
		DD24250723F52C280089F31E /* Products */ = {
			isa = PBXGroup;
			children = (
				DD24250623F52C280089F31E /* CoffeeOrderingApp.app */,
			);
			name = Products;
			sourceTree = "<group>";
		};
		DD24250823F52C280089F31E /* CoffeeOrderingApp */ = {
			isa = PBXGroup;
			children = (
				DD24252823F531A10089F31E /* Views */,
				DD24252523F52EF40089F31E /* ViewModel */,
				DD24252223F52D780089F31E /* Services */,
				DD24251D23F52C430089F31E /* Models */,
				DD24250923F52C280089F31E /* AppDelegate.swift */,
				DD24250B23F52C280089F31E /* SceneDelegate.swift */,
				DD24250F23F52C290089F31E /* Assets.xcassets */,
				DD24251423F52C290089F31E /* LaunchScreen.storyboard */,
				DD24251723F52C290089F31E /* Info.plist */,
				DD24251123F52C290089F31E /* Preview Content */,
			);
			path = CoffeeOrderingApp;
			sourceTree = "<group>";
		};
		DD24251123F52C290089F31E /* Preview Content */ = {
			isa = PBXGroup;
			children = (
				DD24251223F52C290089F31E /* Preview Assets.xcassets */,
			);
			path = "Preview Content";
			sourceTree = "<group>";
		};
		DD24251D23F52C430089F31E /* Models */ = {
			isa = PBXGroup;
			children = (
				DD24251E23F52C4F0089F31E /* Coffee.swift */,
				DD24252023F52CF20089F31E /* Order.swift */,
				DD24252C23F536970089F31E /* CreateOrderResponse.swift */,
			);
			path = Models;
			sourceTree = "<group>";
		};
		DD24252223F52D780089F31E /* Services */ = {
			isa = PBXGroup;
			children = (
				DD24252323F52D860089F31E /* WebService.swift */,
			);
			path = Services;
			sourceTree = "<group>";
		};
		DD24252523F52EF40089F31E /* ViewModel */ = {
			isa = PBXGroup;
			children = (
				DD24252623F52F070089F31E /* OrderListViewModel.swift */,
				DD24252E23F537B90089F31E /* AddCoffeeOrderViewModel.swift */,
				DDEFD9D923F53A1E00BC96D5 /* CoffeeViewModel.swift */,
			);
			path = ViewModel;
			sourceTree = "<group>";
		};
		DD24252823F531A10089F31E /* Views */ = {
			isa = PBXGroup;
			children = (
				DD24250D23F52C280089F31E /* ContentView.swift */,
				DD24252A23F531D10089F31E /* OrderListView.swift */,
				DDEFD9DB23F53BEC00BC96D5 /* AddCoffeeOrderView.swift */,
				DDEFD9DD23F543AA00BC96D5 /* OrderTotalView.swift */,
			);
			path = Views;
			sourceTree = "<group>";
		};
/* End PBXGroup section */

/* Begin PBXNativeTarget section */
		DD24250523F52C280089F31E /* CoffeeOrderingApp */ = {
			isa = PBXNativeTarget;
			buildConfigurationList = DD24251A23F52C290089F31E /* Build configuration list for PBXNativeTarget "CoffeeOrderingApp" */;
			buildPhases = (
				DD24250223F52C280089F31E /* Sources */,
				DD24250323F52C280089F31E /* Frameworks */,
				DD24250423F52C280089F31E /* Resources */,
			);
			buildRules = (
			);
			dependencies = (
			);
			name = CoffeeOrderingApp;
			productName = CoffeeOrderingApp;
			productReference = DD24250623F52C280089F31E /* CoffeeOrderingApp.app */;
			productType = "com.apple.product-type.application";
		};
/* End PBXNativeTarget section */

/* Begin PBXProject section */
		DD2424FE23F52C280089F31E /* Project object */ = {
			isa = PBXProject;
			attributes = {
				LastSwiftUpdateCheck = 1130;
				LastUpgradeCheck = 1130;
				ORGANIZATIONNAME = "David Amunga";
				TargetAttributes = {
					DD24250523F52C280089F31E = {
						CreatedOnToolsVersion = 11.3.1;
					};
				};
			};
			buildConfigurationList = DD24250123F52C280089F31E /* Build configuration list for PBXProject "CoffeeOrderingApp" */;
			compatibilityVersion = "Xcode 9.3";
			developmentRegion = en;
			hasScannedForEncodings = 0;
			knownRegions = (
				en,
				Base,
			);
			mainGroup = DD2424FD23F52C280089F31E;
			productRefGroup = DD24250723F52C280089F31E /* Products */;
			projectDirPath = "";
			projectRoot = "";
			targets = (
				DD24250523F52C280089F31E /* CoffeeOrderingApp */,
			);
		};
/* End PBXProject section */

/* Begin PBXResourcesBuildPhase section */
		DD24250423F52C280089F31E /* Resources */ = {
			isa = PBXResourcesBuildPhase;
			buildActionMask = 2147483647;
			files = (
				DD24251623F52C290089F31E /* LaunchScreen.storyboard in Resources */,
				DD24251323F52C290089F31E /* Preview Assets.xcassets in Resources */,
				DD24251023F52C290089F31E /* Assets.xcassets in Resources */,
			);
			runOnlyForDeploymentPostprocessing = 0;
		};
/* End PBXResourcesBuildPhase section */

/* Begin PBXSourcesBuildPhase section */
		DD24250223F52C280089F31E /* Sources */ = {
			isa = PBXSourcesBuildPhase;
			buildActionMask = 2147483647;
			files = (
				DD24252423F52D860089F31E /* WebService.swift in Sources */,
				DD24252B23F531D10089F31E /* OrderListView.swift in Sources */,
				DD24252D23F536970089F31E /* CreateOrderResponse.swift in Sources */,
				DDEFD9DC23F53BEC00BC96D5 /* AddCoffeeOrderView.swift in Sources */,
				DD24250A23F52C280089F31E /* AppDelegate.swift in Sources */,
				DDEFD9DE23F543AA00BC96D5 /* OrderTotalView.swift in Sources */,
				DD24250C23F52C280089F31E /* SceneDelegate.swift in Sources */,
				DDEFD9DA23F53A1E00BC96D5 /* CoffeeViewModel.swift in Sources */,
				DD24252123F52CF20089F31E /* Order.swift in Sources */,
				DD24252723F52F070089F31E /* OrderListViewModel.swift in Sources */,
				DD24250E23F52C280089F31E /* ContentView.swift in Sources */,
				DD24251F23F52C4F0089F31E /* Coffee.swift in Sources */,
				DD24252F23F537B90089F31E /* AddCoffeeOrderViewModel.swift in Sources */,
			);
			runOnlyForDeploymentPostprocessing = 0;
		};
/* End PBXSourcesBuildPhase section */

/* Begin PBXVariantGroup section */
		DD24251423F52C290089F31E /* LaunchScreen.storyboard */ = {
			isa = PBXVariantGroup;
			children = (
				DD24251523F52C290089F31E /* Base */,
			);
			name = LaunchScreen.storyboard;
			sourceTree = "<group>";
		};
/* End PBXVariantGroup section */

/* Begin XCBuildConfiguration section */
		DD24251823F52C290089F31E /* Debug */ = {
			isa = XCBuildConfiguration;
			buildSettings = {
				ALWAYS_SEARCH_USER_PATHS = NO;
				CLANG_ANALYZER_NONNULL = YES;
				CLANG_ANALYZER_NUMBER_OBJECT_CONVERSION = YES_AGGRESSIVE;
				CLANG_CXX_LANGUAGE_STANDARD = "gnu++14";
				CLANG_CXX_LIBRARY = "libc++";
				CLANG_ENABLE_MODULES = YES;
				CLANG_ENABLE_OBJC_ARC = YES;
				CLANG_ENABLE_OBJC_WEAK = YES;
				CLANG_WARN_BLOCK_CAPTURE_AUTORELEASING = YES;
				CLANG_WARN_BOOL_CONVERSION = YES;
				CLANG_WARN_COMMA = YES;
				CLANG_WARN_CONSTANT_CONVERSION = YES;
				CLANG_WARN_DEPRECATED_OBJC_IMPLEMENTATIONS = YES;
				CLANG_WARN_DIRECT_OBJC_ISA_USAGE = YES_ERROR;
				CLANG_WARN_DOCUMENTATION_COMMENTS = YES;
				CLANG_WARN_EMPTY_BODY = YES;
				CLANG_WARN_ENUM_CONVERSION = YES;
				CLANG_WARN_INFINITE_RECURSION = YES;
				CLANG_WARN_INT_CONVERSION = YES;
				CLANG_WARN_NON_LITERAL_NULL_CONVERSION = YES;
				CLANG_WARN_OBJC_IMPLICIT_RETAIN_SELF = YES;
				CLANG_WARN_OBJC_LITERAL_CONVERSION = YES;
				CLANG_WARN_OBJC_ROOT_CLASS = YES_ERROR;
				CLANG_WARN_RANGE_LOOP_ANALYSIS = YES;
				CLANG_WARN_STRICT_PROTOTYPES = YES;
				CLANG_WARN_SUSPICIOUS_MOVE = YES;
				CLANG_WARN_UNGUARDED_AVAILABILITY = YES_AGGRESSIVE;
				CLANG_WARN_UNREACHABLE_CODE = YES;
				CLANG_WARN__DUPLICATE_METHOD_MATCH = YES;
				COPY_PHASE_STRIP = NO;
				DEBUG_INFORMATION_FORMAT = dwarf;
				ENABLE_STRICT_OBJC_MSGSEND = YES;
				ENABLE_TESTABILITY = YES;
				GCC_C_LANGUAGE_STANDARD = gnu11;
				GCC_DYNAMIC_NO_PIC = NO;
				GCC_NO_COMMON_BLOCKS = YES;
				GCC_OPTIMIZATION_LEVEL = 0;
				GCC_PREPROCESSOR_DEFINITIONS = (
					"DEBUG=1",
					"$(inherited)",
				);
				GCC_WARN_64_TO_32_BIT_CONVERSION = YES;
				GCC_WARN_ABOUT_RETURN_TYPE = YES_ERROR;
				GCC_WARN_UNDECLARED_SELECTOR = YES;
				GCC_WARN_UNINITIALIZED_AUTOS = YES_AGGRESSIVE;
				GCC_WARN_UNUSED_FUNCTION = YES;
				GCC_WARN_UNUSED_VARIABLE = YES;
				IPHONEOS_DEPLOYMENT_TARGET = 13.2;
				MTL_ENABLE_DEBUG_INFO = INCLUDE_SOURCE;
				MTL_FAST_MATH = YES;
				ONLY_ACTIVE_ARCH = YES;
				SDKROOT = iphoneos;
				SWIFT_ACTIVE_COMPILATION_CONDITIONS = DEBUG;
				SWIFT_OPTIMIZATION_LEVEL = "-Onone";
			};
			name = Debug;
		};
		DD24251923F52C290089F31E /* Release */ = {
			isa = XCBuildConfiguration;
			buildSettings = {
				ALWAYS_SEARCH_USER_PATHS = NO;
				CLANG_ANALYZER_NONNULL = YES;
				CLANG_ANALYZER_NUMBER_OBJECT_CONVERSION = YES_AGGRESSIVE;
				CLANG_CXX_LANGUAGE_STANDARD = "gnu++14";
				CLANG_CXX_LIBRARY = "libc++";
				CLANG_ENABLE_MODULES = YES;
				CLANG_ENABLE_OBJC_ARC = YES;
				CLANG_ENABLE_OBJC_WEAK = YES;
				CLANG_WARN_BLOCK_CAPTURE_AUTORELEASING = YES;
				CLANG_WARN_BOOL_CONVERSION = YES;
				CLANG_WARN_COMMA = YES;
				CLANG_WARN_CONSTANT_CONVERSION = YES;
				CLANG_WARN_DEPRECATED_OBJC_IMPLEMENTATIONS = YES;
				CLANG_WARN_DIRECT_OBJC_ISA_USAGE = YES_ERROR;
				CLANG_WARN_DOCUMENTATION_COMMENTS = YES;
				CLANG_WARN_EMPTY_BODY = YES;
				CLANG_WARN_ENUM_CONVERSION = YES;
				CLANG_WARN_INFINITE_RECURSION = YES;
				CLANG_WARN_INT_CONVERSION = YES;
				CLANG_WARN_NON_LITERAL_NULL_CONVERSION = YES;
				CLANG_WARN_OBJC_IMPLICIT_RETAIN_SELF = YES;
				CLANG_WARN_OBJC_LITERAL_CONVERSION = YES;
				CLANG_WARN_OBJC_ROOT_CLASS = YES_ERROR;
				CLANG_WARN_RANGE_LOOP_ANALYSIS = YES;
				CLANG_WARN_STRICT_PROTOTYPES = YES;
				CLANG_WARN_SUSPICIOUS_MOVE = YES;
				CLANG_WARN_UNGUARDED_AVAILABILITY = YES_AGGRESSIVE;
				CLANG_WARN_UNREACHABLE_CODE = YES;
				CLANG_WARN__DUPLICATE_METHOD_MATCH = YES;
				COPY_PHASE_STRIP = NO;
				DEBUG_INFORMATION_FORMAT = "dwarf-with-dsym";
				ENABLE_NS_ASSERTIONS = NO;
				ENABLE_STRICT_OBJC_MSGSEND = YES;
				GCC_C_LANGUAGE_STANDARD = gnu11;
				GCC_NO_COMMON_BLOCKS = YES;
				GCC_WARN_64_TO_32_BIT_CONVERSION = YES;
				GCC_WARN_ABOUT_RETURN_TYPE = YES_ERROR;
				GCC_WARN_UNDECLARED_SELECTOR = YES;
				GCC_WARN_UNINITIALIZED_AUTOS = YES_AGGRESSIVE;
				GCC_WARN_UNUSED_FUNCTION = YES;
				GCC_WARN_UNUSED_VARIABLE = YES;
				IPHONEOS_DEPLOYMENT_TARGET = 13.2;
				MTL_ENABLE_DEBUG_INFO = NO;
				MTL_FAST_MATH = YES;
				SDKROOT = iphoneos;
				SWIFT_COMPILATION_MODE = wholemodule;
				SWIFT_OPTIMIZATION_LEVEL = "-O";
				VALIDATE_PRODUCT = YES;
			};
			name = Release;
		};
		DD24251B23F52C290089F31E /* Debug */ = {
			isa = XCBuildConfiguration;
			buildSettings = {
				ASSETCATALOG_COMPILER_APPICON_NAME = AppIcon;
				CODE_SIGN_STYLE = Automatic;
				DEVELOPMENT_ASSET_PATHS = "\"CoffeeOrderingApp/Preview Content\"";
				DEVELOPMENT_TEAM = 8NL5AY2647;
				ENABLE_PREVIEWS = YES;
				INFOPLIST_FILE = CoffeeOrderingApp/Info.plist;
				LD_RUNPATH_SEARCH_PATHS = (
					"$(inherited)",
					"@executable_path/Frameworks",
				);
				PRODUCT_BUNDLE_IDENTIFIER = com.damunga.CoffeeOrderingApp;
				PRODUCT_NAME = "$(TARGET_NAME)";
				SWIFT_VERSION = 5.0;
				TARGETED_DEVICE_FAMILY = "1,2";
			};
			name = Debug;
		};
		DD24251C23F52C290089F31E /* Release */ = {
			isa = XCBuildConfiguration;
			buildSettings = {
				ASSETCATALOG_COMPILER_APPICON_NAME = AppIcon;
				CODE_SIGN_STYLE = Automatic;
				DEVELOPMENT_ASSET_PATHS = "\"CoffeeOrderingApp/Preview Content\"";
				DEVELOPMENT_TEAM = 8NL5AY2647;
				ENABLE_PREVIEWS = YES;
				INFOPLIST_FILE = CoffeeOrderingApp/Info.plist;
				LD_RUNPATH_SEARCH_PATHS = (
					"$(inherited)",
					"@executable_path/Frameworks",
				);
				PRODUCT_BUNDLE_IDENTIFIER = com.damunga.CoffeeOrderingApp;
				PRODUCT_NAME = "$(TARGET_NAME)";
				SWIFT_VERSION = 5.0;
				TARGETED_DEVICE_FAMILY = "1,2";
			};
			name = Release;
		};
/* End XCBuildConfiguration section */

/* Begin XCConfigurationList section */
		DD24250123F52C280089F31E /* Build configuration list for PBXProject "CoffeeOrderingApp" */ = {
			isa = XCConfigurationList;
			buildConfigurations = (
				DD24251823F52C290089F31E /* Debug */,
				DD24251923F52C290089F31E /* Release */,
			);
			defaultConfigurationIsVisible = 0;
			defaultConfigurationName = Release;
		};
		DD24251A23F52C290089F31E /* Build configuration list for PBXNativeTarget "CoffeeOrderingApp" */ = {
			isa = XCConfigurationList;
			buildConfigurations = (
				DD24251B23F52C290089F31E /* Debug */,
				DD24251C23F52C290089F31E /* Release */,
			);
			defaultConfigurationIsVisible = 0;
			defaultConfigurationName = Release;
		};
/* End XCConfigurationList section */
	};
	rootObject = DD2424FE23F52C280089F31E /* Project object */;
}
